
Microsoft Visual Studio Solution File, Format Version 12.00
# Visual Studio Version 17
VisualStudioVersion = 17.0.32126.317
MinimumVisualStudioVersion = 10.0.40219.1
Project("{FAE04EC0-301F-11D3-BF4B-00C04F79EFBC}") = "Basic_Core_Problems", "Basic_Core_Problems.csproj", "{B23799D4-16CD-4F6B-9C21-0618D3D08B7B}"
EndProject
Global
	GlobalSection(SolutionConfigurationPlatforms) = preSolution
		Debug|Any CPU = Debug|Any CPU
		Release|Any CPU = Release|Any CPU
	EndGlobalSection
	GlobalSection(ProjectConfigurationPlatforms) = postSolution
		{B23799D4-16CD-4F6B-9C21-0618D3D08B7B}.Debug|Any CPU.ActiveCfg = Debug|Any CPU
		{B23799D4-16CD-4F6B-9C21-0618D3D08B7B}.Debug|Any CPU.Build.0 = Debug|Any CPU
		{B23799D4-16CD-4F6B-9C21-0618D3D08B7B}.Release|Any CPU.ActiveCfg = Release|Any CPU
		{B23799D4-16CD-4F6B-9C21-0618D3D08B7B}.Release|Any CPU.Build.0 = Release|Any CPU
	EndGlobalSection
	GlobalSection(SolutionProperties) = preSolution
		HideSolutionNode = FALSE
	EndGlobalSection
	GlobalSection(ExtensibilityGlobals) = postSolution
		SolutionGuid = {996FF7ED-1D26-4168-8935-CA555C7DE5CE}
	EndGlobalSection
EndGlobal
